
Microsoft Visual Studio Solution File, Format Version 12.00
# Visual Studio Version 16
VisualStudioVersion = 16.0.29905.134
MinimumVisualStudioVersion = 10.0.40219.1
Project("{2150E333-8FDC-42A3-9474-1A3956D46DE8}") = "C", "C", "{4EDAEF14-823D-4C4F-99A2-C99C6E1369FB}"
EndProject
Project("{FAE04EC0-301F-11D3-BF4B-00C04F79EFBC}") = "~", "~\~.csproj", "{23835625-850C-4E8A-B50E-83929B4BBA9C}"
EndProject
Project("{FAE04EC0-301F-11D3-BF4B-00C04F79EFBC}") = "~", "C\~\~.csproj", "{9E6DAB9F-0D13-4EB5-9414-D9061A373D53}"
EndProject
Project("{FAE04EC0-301F-11D3-BF4B-00C04F79EFBC}") = "Dc", "C\Dc\Dc.csproj", "{A3E58FF1-AD3F-493E-864D-5401010AB907}"
EndProject
Project("{FAE04EC0-301F-11D3-BF4B-00C04F79EFBC}") = "Dclt", "C\Dclt\Dclt.csproj", "{AB8D313B-7390-4C33-8783-8C0E9731380B}"
EndProject
Project("{FAE04EC0-301F-11D3-BF4B-00C04F79EFBC}") = "Dct", "C\Dct\Dct.csproj", "{DE9D8D32-81A4-4716-8F22-9114D18E1D65}"
EndProject
Project("{FAE04EC0-301F-11D3-BF4B-00C04F79EFBC}") = "Dcwt", "C\Dcwt\Dcwt.csproj", "{67D26D4A-FE8D-4CBC-8F73-828475F05DE4}"
EndProject
Project("{2150E333-8FDC-42A3-9474-1A3956D46DE8}") = "S", "S", "{4B8C457D-5B01-4616-8E8F-94FA144AC0EA}"
EndProject
Project("{FAE04EC0-301F-11D3-BF4B-00C04F79EFBC}") = "ApT", "Cc\ApT\ApT.csproj", "{AFA7CC46-0253-4BCB-ACFB-26501D20EFDA}"
EndProject
Project("{FAE04EC0-301F-11D3-BF4B-00C04F79EFBC}") = "Sddnac", "S\D\Sddnac\Sddnac.csproj", "{C30D6579-076C-44C7-BED2-2440433F32AC}"
EndProject
Project("{2150E333-8FDC-42A3-9474-1A3956D46DE8}") = "D", "D", "{C1F6A438-371B-4C38-B2AC-4878B98B48BB}"
EndProject
Project("{2150E333-8FDC-42A3-9474-1A3956D46DE8}") = "J", "J", "{B7059934-45E0-4E89-B4CA-9D40C624FE00}"
EndProject
Project("{FAE04EC0-301F-11D3-BF4B-00C04F79EFBC}") = "Sdjac", "S\J\Sdjac\Sdjac.csproj", "{265A8472-7CA4-45B7-97AB-8E658D91BBFA}"
EndProject
Project("{FAE04EC0-301F-11D3-BF4B-00C04F79EFBC}") = "Mcg", "Cc\McG\Mcg.csproj", "{42883EEF-831E-4A56-B294-00B9292B8514}"
EndProject
Project("{FAE04EC0-301F-11D3-BF4B-00C04F79EFBC}") = "Sdc", "S\D\Sdc\Sdc.csproj", "{6D90DF93-5F5E-4DF4-BB8E-97E869BC3943}"
EndProject
Project("{FAE04EC0-301F-11D3-BF4B-00C04F79EFBC}") = "Sdct", "S\D\Sdct\Sdct.csproj", "{C8297323-3314-4F3E-BBA0-13E97D53F200}"
EndProject
Project("{FAE04EC0-301F-11D3-BF4B-00C04F79EFBC}") = "AdmT", "Cc\AdmT\AdmT.csproj", "{F03BCBB5-C0AD-4125-A810-DEB562BB71BC}"
EndProject
Project("{2150E333-8FDC-42A3-9474-1A3956D46DE8}") = "Cc", "Cc", "{8CF2F479-E21C-4EA8-8B31-509E592E6FB5}"
EndProject
Project("{2150E333-8FDC-42A3-9474-1A3956D46DE8}") = "I", "I", "{969704B8-68FF-4EFD-8A08-FC7DDD08DAC0}"
EndProject
Project("{FAE04EC0-301F-11D3-BF4B-00C04F79EFBC}") = "Ic", "I\Ic\Ic.csproj", "{AD84BE69-677A-421C-8EF7-8CD1BF1981A2}"
EndProject
Project("{FAE04EC0-301F-11D3-BF4B-00C04F79EFBC}") = "Imc", "I\Imc\Imc.csproj", "{103D7BB7-A4CF-495A-81A6-8B15151BABBD}"
EndProject
Project("{FAE04EC0-301F-11D3-BF4B-00C04F79EFBC}") = "McPs", "Cc\McPs\McPs.csproj", "{7B8F461C-A1BF-421B-B9DB-9D72282B4E99}"
EndProject
Project("{FAE04EC0-301F-11D3-BF4B-00C04F79EFBC}") = "ApP", "Cc\ApP\ApP.csproj", "{2BCBF46C-8837-4CAD-8C94-C6B8DDDAF500}"
EndProject
Project("{FAE04EC0-301F-11D3-BF4B-00C04F79EFBC}") = "McC", "Cc\McC\McC.csproj", "{4F1706DC-D65F-4DF4-B11B-57C403058138}"
EndProject
Project("{FAE04EC0-301F-11D3-BF4B-00C04F79EFBC}") = "Sdf", "S\D\Sdf\Sdf.csproj", "{5D6774FC-24AB-4198-81F8-F07592A0D709}"
EndProject
Project("{FAE04EC0-301F-11D3-BF4B-00C04F79EFBC}") = "Sdft", "S\D\Sdft\Sdft.csproj", "{FDB215B5-BE77-4186-B8A7-309CCE66E2A8}"
EndProject
Project("{FAE04EC0-301F-11D3-BF4B-00C04F79EFBC}") = "Fs", "Cc\Fs\Fs.csproj", "{DF3671DB-EE80-4DAD-9716-F9AC258529B4}"
EndProject
Project("{2150E333-8FDC-42A3-9474-1A3956D46DE8}") = "A", "A", "{24DD4406-282D-4E55-A32F-00684EF9F2A2}"
EndProject
Project("{FAE04EC0-301F-11D3-BF4B-00C04F79EFBC}") = "Dtp", "A\Dtp\Dtp.csproj", "{E2F7403E-A00D-4DC3-B7C0-0510D274B7AF}"
EndProject
Project("{FAE04EC0-301F-11D3-BF4B-00C04F79EFBC}") = "Dtw", "A\Dtw\Dtw.csproj", "{7E669E3F-0477-4999-B19F-D686BD68CDD5}"
EndProject
Project("{FAE04EC0-301F-11D3-BF4B-00C04F79EFBC}") = "Dtwt", "A\Dtwt\Dtwt.csproj", "{773AF740-CA9B-44F5-8A0F-B202E52A6F2D}"
EndProject
Global
	GlobalSection(SolutionConfigurationPlatforms) = preSolution
		Debug|Any CPU = Debug|Any CPU
		Release|Any CPU = Release|Any CPU
		Single|Any CPU = Single|Any CPU
	EndGlobalSection
	GlobalSection(ProjectConfigurationPlatforms) = postSolution
		{23835625-850C-4E8A-B50E-83929B4BBA9C}.Debug|Any CPU.ActiveCfg = Debug|Any CPU
		{23835625-850C-4E8A-B50E-83929B4BBA9C}.Release|Any CPU.ActiveCfg = Release|Any CPU
		{23835625-850C-4E8A-B50E-83929B4BBA9C}.Single|Any CPU.ActiveCfg = Release|Any CPU
		{23835625-850C-4E8A-B50E-83929B4BBA9C}.Single|Any CPU.Build.0 = Release|Any CPU
		{9E6DAB9F-0D13-4EB5-9414-D9061A373D53}.Debug|Any CPU.ActiveCfg = Single|Any CPU
		{9E6DAB9F-0D13-4EB5-9414-D9061A373D53}.Release|Any CPU.ActiveCfg = Single|Any CPU
		{9E6DAB9F-0D13-4EB5-9414-D9061A373D53}.Release|Any CPU.Build.0 = Single|Any CPU
		{9E6DAB9F-0D13-4EB5-9414-D9061A373D53}.Single|Any CPU.ActiveCfg = Single|Any CPU
		{9E6DAB9F-0D13-4EB5-9414-D9061A373D53}.Single|Any CPU.Build.0 = Single|Any CPU
		{A3E58FF1-AD3F-493E-864D-5401010AB907}.Debug|Any CPU.ActiveCfg = Debug|Any CPU
		{A3E58FF1-AD3F-493E-864D-5401010AB907}.Debug|Any CPU.Build.0 = Debug|Any CPU
		{A3E58FF1-AD3F-493E-864D-5401010AB907}.Release|Any CPU.ActiveCfg = Release|Any CPU
		{A3E58FF1-AD3F-493E-864D-5401010AB907}.Release|Any CPU.Build.0 = Release|Any CPU
		{A3E58FF1-AD3F-493E-864D-5401010AB907}.Single|Any CPU.ActiveCfg = Release|Any CPU
		{A3E58FF1-AD3F-493E-864D-5401010AB907}.Single|Any CPU.Build.0 = Release|Any CPU
		{AB8D313B-7390-4C33-8783-8C0E9731380B}.Debug|Any CPU.ActiveCfg = Debug|Any CPU
		{AB8D313B-7390-4C33-8783-8C0E9731380B}.Debug|Any CPU.Build.0 = Debug|Any CPU
		{AB8D313B-7390-4C33-8783-8C0E9731380B}.Release|Any CPU.ActiveCfg = Release|Any CPU
		{AB8D313B-7390-4C33-8783-8C0E9731380B}.Release|Any CPU.Build.0 = Release|Any CPU
		{AB8D313B-7390-4C33-8783-8C0E9731380B}.Single|Any CPU.ActiveCfg = Release|Any CPU
		{AB8D313B-7390-4C33-8783-8C0E9731380B}.Single|Any CPU.Build.0 = Release|Any CPU
		{DE9D8D32-81A4-4716-8F22-9114D18E1D65}.Debug|Any CPU.ActiveCfg = Debug|Any CPU
		{DE9D8D32-81A4-4716-8F22-9114D18E1D65}.Debug|Any CPU.Build.0 = Debug|Any CPU
		{DE9D8D32-81A4-4716-8F22-9114D18E1D65}.Release|Any CPU.ActiveCfg = Release|Any CPU
		{DE9D8D32-81A4-4716-8F22-9114D18E1D65}.Release|Any CPU.Build.0 = Release|Any CPU
		{DE9D8D32-81A4-4716-8F22-9114D18E1D65}.Single|Any CPU.ActiveCfg = Release|Any CPU
		{DE9D8D32-81A4-4716-8F22-9114D18E1D65}.Single|Any CPU.Build.0 = Release|Any CPU
		{67D26D4A-FE8D-4CBC-8F73-828475F05DE4}.Debug|Any CPU.ActiveCfg = Debug|Any CPU
		{67D26D4A-FE8D-4CBC-8F73-828475F05DE4}.Debug|Any CPU.Build.0 = Debug|Any CPU
		{67D26D4A-FE8D-4CBC-8F73-828475F05DE4}.Release|Any CPU.ActiveCfg = Release|Any CPU
		{67D26D4A-FE8D-4CBC-8F73-828475F05DE4}.Release|Any CPU.Build.0 = Release|Any CPU
		{67D26D4A-FE8D-4CBC-8F73-828475F05DE4}.Single|Any CPU.ActiveCfg = Release|Any CPU
		{67D26D4A-FE8D-4CBC-8F73-828475F05DE4}.Single|Any CPU.Build.0 = Release|Any CPU
		{AFA7CC46-0253-4BCB-ACFB-26501D20EFDA}.Debug|Any CPU.ActiveCfg = Debug|Any CPU
		{AFA7CC46-0253-4BCB-ACFB-26501D20EFDA}.Debug|Any CPU.Build.0 = Debug|Any CPU
		{AFA7CC46-0253-4BCB-ACFB-26501D20EFDA}.Release|Any CPU.ActiveCfg = Release|Any CPU
		{AFA7CC46-0253-4BCB-ACFB-26501D20EFDA}.Release|Any CPU.Build.0 = Release|Any CPU
		{AFA7CC46-0253-4BCB-ACFB-26501D20EFDA}.Single|Any CPU.ActiveCfg = Release|Any CPU
		{AFA7CC46-0253-4BCB-ACFB-26501D20EFDA}.Single|Any CPU.Build.0 = Release|Any CPU
		{C30D6579-076C-44C7-BED2-2440433F32AC}.Debug|Any CPU.ActiveCfg = Debug|Any CPU
		{C30D6579-076C-44C7-BED2-2440433F32AC}.Debug|Any CPU.Build.0 = Debug|Any CPU
		{C30D6579-076C-44C7-BED2-2440433F32AC}.Release|Any CPU.ActiveCfg = Release|Any CPU
		{C30D6579-076C-44C7-BED2-2440433F32AC}.Release|Any CPU.Build.0 = Release|Any CPU
		{C30D6579-076C-44C7-BED2-2440433F32AC}.Single|Any CPU.ActiveCfg = Release|Any CPU
		{C30D6579-076C-44C7-BED2-2440433F32AC}.Single|Any CPU.Build.0 = Release|Any CPU
		{265A8472-7CA4-45B7-97AB-8E658D91BBFA}.Debug|Any CPU.ActiveCfg = Debug|Any CPU
		{265A8472-7CA4-45B7-97AB-8E658D91BBFA}.Debug|Any CPU.Build.0 = Debug|Any CPU
		{265A8472-7CA4-45B7-97AB-8E658D91BBFA}.Release|Any CPU.ActiveCfg = Release|Any CPU
		{265A8472-7CA4-45B7-97AB-8E658D91BBFA}.Release|Any CPU.Build.0 = Release|Any CPU
		{265A8472-7CA4-45B7-97AB-8E658D91BBFA}.Single|Any CPU.ActiveCfg = Release|Any CPU
		{265A8472-7CA4-45B7-97AB-8E658D91BBFA}.Single|Any CPU.Build.0 = Release|Any CPU
		{42883EEF-831E-4A56-B294-00B9292B8514}.Debug|Any CPU.ActiveCfg = Debug|Any CPU
		{42883EEF-831E-4A56-B294-00B9292B8514}.Debug|Any CPU.Build.0 = Debug|Any CPU
		{42883EEF-831E-4A56-B294-00B9292B8514}.Release|Any CPU.ActiveCfg = Release|Any CPU
		{42883EEF-831E-4A56-B294-00B9292B8514}.Release|Any CPU.Build.0 = Release|Any CPU
		{42883EEF-831E-4A56-B294-00B9292B8514}.Single|Any CPU.ActiveCfg = Release|Any CPU
		{42883EEF-831E-4A56-B294-00B9292B8514}.Single|Any CPU.Build.0 = Release|Any CPU
		{6D90DF93-5F5E-4DF4-BB8E-97E869BC3943}.Debug|Any CPU.ActiveCfg = Debug|Any CPU
		{6D90DF93-5F5E-4DF4-BB8E-97E869BC3943}.Debug|Any CPU.Build.0 = Debug|Any CPU
		{6D90DF93-5F5E-4DF4-BB8E-97E869BC3943}.Release|Any CPU.ActiveCfg = Release|Any CPU
		{6D90DF93-5F5E-4DF4-BB8E-97E869BC3943}.Release|Any CPU.Build.0 = Release|Any CPU
		{6D90DF93-5F5E-4DF4-BB8E-97E869BC3943}.Single|Any CPU.ActiveCfg = Release|Any CPU
		{6D90DF93-5F5E-4DF4-BB8E-97E869BC3943}.Single|Any CPU.Build.0 = Release|Any CPU
		{C8297323-3314-4F3E-BBA0-13E97D53F200}.Debug|Any CPU.ActiveCfg = Debug|Any CPU
		{C8297323-3314-4F3E-BBA0-13E97D53F200}.Debug|Any CPU.Build.0 = Debug|Any CPU
		{C8297323-3314-4F3E-BBA0-13E97D53F200}.Release|Any CPU.ActiveCfg = Release|Any CPU
		{C8297323-3314-4F3E-BBA0-13E97D53F200}.Release|Any CPU.Build.0 = Release|Any CPU
		{C8297323-3314-4F3E-BBA0-13E97D53F200}.Single|Any CPU.ActiveCfg = Release|Any CPU
		{C8297323-3314-4F3E-BBA0-13E97D53F200}.Single|Any CPU.Build.0 = Release|Any CPU
		{F03BCBB5-C0AD-4125-A810-DEB562BB71BC}.Debug|Any CPU.ActiveCfg = Debug|Any CPU
		{F03BCBB5-C0AD-4125-A810-DEB562BB71BC}.Debug|Any CPU.Build.0 = Debug|Any CPU
		{F03BCBB5-C0AD-4125-A810-DEB562BB71BC}.Release|Any CPU.ActiveCfg = Release|Any CPU
		{F03BCBB5-C0AD-4125-A810-DEB562BB71BC}.Release|Any CPU.Build.0 = Release|Any CPU
		{F03BCBB5-C0AD-4125-A810-DEB562BB71BC}.Single|Any CPU.ActiveCfg = Release|Any CPU
		{F03BCBB5-C0AD-4125-A810-DEB562BB71BC}.Single|Any CPU.Build.0 = Release|Any CPU
		{AD84BE69-677A-421C-8EF7-8CD1BF1981A2}.Debug|Any CPU.ActiveCfg = Debug|Any CPU
		{AD84BE69-677A-421C-8EF7-8CD1BF1981A2}.Debug|Any CPU.Build.0 = Debug|Any CPU
		{AD84BE69-677A-421C-8EF7-8CD1BF1981A2}.Release|Any CPU.ActiveCfg = Release|Any CPU
		{AD84BE69-677A-421C-8EF7-8CD1BF1981A2}.Release|Any CPU.Build.0 = Release|Any CPU
		{AD84BE69-677A-421C-8EF7-8CD1BF1981A2}.Single|Any CPU.ActiveCfg = Release|Any CPU
		{AD84BE69-677A-421C-8EF7-8CD1BF1981A2}.Single|Any CPU.Build.0 = Release|Any CPU
		{103D7BB7-A4CF-495A-81A6-8B15151BABBD}.Debug|Any CPU.ActiveCfg = Debug|Any CPU
		{103D7BB7-A4CF-495A-81A6-8B15151BABBD}.Debug|Any CPU.Build.0 = Debug|Any CPU
		{103D7BB7-A4CF-495A-81A6-8B15151BABBD}.Release|Any CPU.ActiveCfg = Release|Any CPU
		{103D7BB7-A4CF-495A-81A6-8B15151BABBD}.Release|Any CPU.Build.0 = Release|Any CPU
		{103D7BB7-A4CF-495A-81A6-8B15151BABBD}.Single|Any CPU.ActiveCfg = Release|Any CPU
		{103D7BB7-A4CF-495A-81A6-8B15151BABBD}.Single|Any CPU.Build.0 = Release|Any CPU
		{7B8F461C-A1BF-421B-B9DB-9D72282B4E99}.Debug|Any CPU.ActiveCfg = Debug|Any CPU
		{7B8F461C-A1BF-421B-B9DB-9D72282B4E99}.Debug|Any CPU.Build.0 = Debug|Any CPU
		{7B8F461C-A1BF-421B-B9DB-9D72282B4E99}.Release|Any CPU.ActiveCfg = Release|Any CPU
		{7B8F461C-A1BF-421B-B9DB-9D72282B4E99}.Release|Any CPU.Build.0 = Release|Any CPU
		{7B8F461C-A1BF-421B-B9DB-9D72282B4E99}.Single|Any CPU.ActiveCfg = Release|Any CPU
		{7B8F461C-A1BF-421B-B9DB-9D72282B4E99}.Single|Any CPU.Build.0 = Release|Any CPU
		{2BCBF46C-8837-4CAD-8C94-C6B8DDDAF500}.Debug|Any CPU.ActiveCfg = Debug|Any CPU
		{2BCBF46C-8837-4CAD-8C94-C6B8DDDAF500}.Debug|Any CPU.Build.0 = Debug|Any CPU
		{2BCBF46C-8837-4CAD-8C94-C6B8DDDAF500}.Release|Any CPU.ActiveCfg = Release|Any CPU
		{2BCBF46C-8837-4CAD-8C94-C6B8DDDAF500}.Release|Any CPU.Build.0 = Release|Any CPU
		{2BCBF46C-8837-4CAD-8C94-C6B8DDDAF500}.Single|Any CPU.ActiveCfg = Release|Any CPU
		{2BCBF46C-8837-4CAD-8C94-C6B8DDDAF500}.Single|Any CPU.Build.0 = Release|Any CPU
		{4F1706DC-D65F-4DF4-B11B-57C403058138}.Debug|Any CPU.ActiveCfg = Debug|Any CPU
		{4F1706DC-D65F-4DF4-B11B-57C403058138}.Debug|Any CPU.Build.0 = Debug|Any CPU
		{4F1706DC-D65F-4DF4-B11B-57C403058138}.Release|Any CPU.ActiveCfg = Release|Any CPU
		{4F1706DC-D65F-4DF4-B11B-57C403058138}.Release|Any CPU.Build.0 = Release|Any CPU
		{4F1706DC-D65F-4DF4-B11B-57C403058138}.Single|Any CPU.ActiveCfg = Release|Any CPU
		{4F1706DC-D65F-4DF4-B11B-57C403058138}.Single|Any CPU.Build.0 = Release|Any CPU
		{5D6774FC-24AB-4198-81F8-F07592A0D709}.Debug|Any CPU.ActiveCfg = Debug|Any CPU
		{5D6774FC-24AB-4198-81F8-F07592A0D709}.Debug|Any CPU.Build.0 = Debug|Any CPU
		{5D6774FC-24AB-4198-81F8-F07592A0D709}.Release|Any CPU.ActiveCfg = Release|Any CPU
		{5D6774FC-24AB-4198-81F8-F07592A0D709}.Release|Any CPU.Build.0 = Release|Any CPU
		{5D6774FC-24AB-4198-81F8-F07592A0D709}.Single|Any CPU.ActiveCfg = Release|Any CPU
		{5D6774FC-24AB-4198-81F8-F07592A0D709}.Single|Any CPU.Build.0 = Release|Any CPU
		{FDB215B5-BE77-4186-B8A7-309CCE66E2A8}.Debug|Any CPU.ActiveCfg = Debug|Any CPU
		{FDB215B5-BE77-4186-B8A7-309CCE66E2A8}.Debug|Any CPU.Build.0 = Debug|Any CPU
		{FDB215B5-BE77-4186-B8A7-309CCE66E2A8}.Release|Any CPU.ActiveCfg = Release|Any CPU
		{FDB215B5-BE77-4186-B8A7-309CCE66E2A8}.Release|Any CPU.Build.0 = Release|Any CPU
		{FDB215B5-BE77-4186-B8A7-309CCE66E2A8}.Single|Any CPU.ActiveCfg = Release|Any CPU
		{FDB215B5-BE77-4186-B8A7-309CCE66E2A8}.Single|Any CPU.Build.0 = Release|Any CPU
		{DF3671DB-EE80-4DAD-9716-F9AC258529B4}.Debug|Any CPU.ActiveCfg = Debug|Any CPU
		{DF3671DB-EE80-4DAD-9716-F9AC258529B4}.Debug|Any CPU.Build.0 = Debug|Any CPU
		{DF3671DB-EE80-4DAD-9716-F9AC258529B4}.Release|Any CPU.ActiveCfg = Release|Any CPU
		{DF3671DB-EE80-4DAD-9716-F9AC258529B4}.Release|Any CPU.Build.0 = Release|Any CPU
		{DF3671DB-EE80-4DAD-9716-F9AC258529B4}.Single|Any CPU.ActiveCfg = Release|Any CPU
		{DF3671DB-EE80-4DAD-9716-F9AC258529B4}.Single|Any CPU.Build.0 = Release|Any CPU
		{E2F7403E-A00D-4DC3-B7C0-0510D274B7AF}.Debug|Any CPU.ActiveCfg = Debug|Any CPU
		{E2F7403E-A00D-4DC3-B7C0-0510D274B7AF}.Debug|Any CPU.Build.0 = Debug|Any CPU
		{E2F7403E-A00D-4DC3-B7C0-0510D274B7AF}.Release|Any CPU.ActiveCfg = Release|Any CPU
		{E2F7403E-A00D-4DC3-B7C0-0510D274B7AF}.Release|Any CPU.Build.0 = Release|Any CPU
		{E2F7403E-A00D-4DC3-B7C0-0510D274B7AF}.Single|Any CPU.ActiveCfg = Release|Any CPU
		{E2F7403E-A00D-4DC3-B7C0-0510D274B7AF}.Single|Any CPU.Build.0 = Release|Any CPU
		{7E669E3F-0477-4999-B19F-D686BD68CDD5}.Debug|Any CPU.ActiveCfg = Debug|Any CPU
		{7E669E3F-0477-4999-B19F-D686BD68CDD5}.Debug|Any CPU.Build.0 = Debug|Any CPU
		{7E669E3F-0477-4999-B19F-D686BD68CDD5}.Release|Any CPU.ActiveCfg = Release|Any CPU
		{7E669E3F-0477-4999-B19F-D686BD68CDD5}.Release|Any CPU.Build.0 = Release|Any CPU
		{7E669E3F-0477-4999-B19F-D686BD68CDD5}.Single|Any CPU.ActiveCfg = Release|Any CPU
		{7E669E3F-0477-4999-B19F-D686BD68CDD5}.Single|Any CPU.Build.0 = Release|Any CPU
		{773AF740-CA9B-44F5-8A0F-B202E52A6F2D}.Debug|Any CPU.ActiveCfg = Debug|Any CPU
		{773AF740-CA9B-44F5-8A0F-B202E52A6F2D}.Debug|Any CPU.Build.0 = Debug|Any CPU
		{773AF740-CA9B-44F5-8A0F-B202E52A6F2D}.Release|Any CPU.ActiveCfg = Release|Any CPU
		{773AF740-CA9B-44F5-8A0F-B202E52A6F2D}.Release|Any CPU.Build.0 = Release|Any CPU
		{773AF740-CA9B-44F5-8A0F-B202E52A6F2D}.Single|Any CPU.ActiveCfg = Release|Any CPU
		{773AF740-CA9B-44F5-8A0F-B202E52A6F2D}.Single|Any CPU.Build.0 = Release|Any CPU
	EndGlobalSection
	GlobalSection(SolutionProperties) = preSolution
		HideSolutionNode = FALSE
	EndGlobalSection
	GlobalSection(NestedProjects) = preSolution
		{9E6DAB9F-0D13-4EB5-9414-D9061A373D53} = {4EDAEF14-823D-4C4F-99A2-C99C6E1369FB}
		{A3E58FF1-AD3F-493E-864D-5401010AB907} = {4EDAEF14-823D-4C4F-99A2-C99C6E1369FB}
		{AB8D313B-7390-4C33-8783-8C0E9731380B} = {4EDAEF14-823D-4C4F-99A2-C99C6E1369FB}
		{DE9D8D32-81A4-4716-8F22-9114D18E1D65} = {4EDAEF14-823D-4C4F-99A2-C99C6E1369FB}
		{67D26D4A-FE8D-4CBC-8F73-828475F05DE4} = {4EDAEF14-823D-4C4F-99A2-C99C6E1369FB}
		{AFA7CC46-0253-4BCB-ACFB-26501D20EFDA} = {8CF2F479-E21C-4EA8-8B31-509E592E6FB5}
		{C30D6579-076C-44C7-BED2-2440433F32AC} = {C1F6A438-371B-4C38-B2AC-4878B98B48BB}
		{C1F6A438-371B-4C38-B2AC-4878B98B48BB} = {4B8C457D-5B01-4616-8E8F-94FA144AC0EA}
		{B7059934-45E0-4E89-B4CA-9D40C624FE00} = {4B8C457D-5B01-4616-8E8F-94FA144AC0EA}
		{265A8472-7CA4-45B7-97AB-8E658D91BBFA} = {B7059934-45E0-4E89-B4CA-9D40C624FE00}
		{42883EEF-831E-4A56-B294-00B9292B8514} = {8CF2F479-E21C-4EA8-8B31-509E592E6FB5}
		{6D90DF93-5F5E-4DF4-BB8E-97E869BC3943} = {C1F6A438-371B-4C38-B2AC-4878B98B48BB}
		{C8297323-3314-4F3E-BBA0-13E97D53F200} = {C1F6A438-371B-4C38-B2AC-4878B98B48BB}
		{F03BCBB5-C0AD-4125-A810-DEB562BB71BC} = {8CF2F479-E21C-4EA8-8B31-509E592E6FB5}
		{AD84BE69-677A-421C-8EF7-8CD1BF1981A2} = {969704B8-68FF-4EFD-8A08-FC7DDD08DAC0}
		{103D7BB7-A4CF-495A-81A6-8B15151BABBD} = {969704B8-68FF-4EFD-8A08-FC7DDD08DAC0}
		{7B8F461C-A1BF-421B-B9DB-9D72282B4E99} = {8CF2F479-E21C-4EA8-8B31-509E592E6FB5}
		{2BCBF46C-8837-4CAD-8C94-C6B8DDDAF500} = {8CF2F479-E21C-4EA8-8B31-509E592E6FB5}
		{4F1706DC-D65F-4DF4-B11B-57C403058138} = {8CF2F479-E21C-4EA8-8B31-509E592E6FB5}
		{5D6774FC-24AB-4198-81F8-F07592A0D709} = {C1F6A438-371B-4C38-B2AC-4878B98B48BB}
		{FDB215B5-BE77-4186-B8A7-309CCE66E2A8} = {C1F6A438-371B-4C38-B2AC-4878B98B48BB}
		{DF3671DB-EE80-4DAD-9716-F9AC258529B4} = {8CF2F479-E21C-4EA8-8B31-509E592E6FB5}
		{E2F7403E-A00D-4DC3-B7C0-0510D274B7AF} = {24DD4406-282D-4E55-A32F-00684EF9F2A2}
		{7E669E3F-0477-4999-B19F-D686BD68CDD5} = {24DD4406-282D-4E55-A32F-00684EF9F2A2}
		{773AF740-CA9B-44F5-8A0F-B202E52A6F2D} = {24DD4406-282D-4E55-A32F-00684EF9F2A2}
	EndGlobalSection
	GlobalSection(ExtensibilityGlobals) = postSolution
		SolutionGuid = {A05D0202-2AD2-4653-ADF0-5268A40A255F}
	EndGlobalSection
EndGlobal
